
Microsoft Visual Studio Solution File, Format Version 12.00
# Visual Studio Version 16
VisualStudioVersion = 16.0.29609.76
MinimumVisualStudioVersion = 10.0.40219.1
Project("{9A19103F-16F7-4668-BE54-9A1E7A4F7556}") = "Tba.CqrsEs", "Tba.CqrsEs.csproj", "{6269F313-0D1B-48EB-B01B-80E73BAC8487}"
EndProject
Project("{FAE04EC0-301F-11D3-BF4B-00C04F79EFBC}") = "Tba.CqrsEs.Tests", "..\Tba.CqrsEs.Tests\Tba.CqrsEs.Tests.csproj", "{D6DA5235-58AE-4B9C-85F8-AC0A97F728BB}"
EndProject
Global
	GlobalSection(SolutionConfigurationPlatforms) = preSolution
		Debug|Any CPU = Debug|Any CPU
		Release|Any CPU = Release|Any CPU
	EndGlobalSection
	GlobalSection(ProjectConfigurationPlatforms) = postSolution
		{6269F313-0D1B-48EB-B01B-80E73BAC8487}.Debug|Any CPU.ActiveCfg = Debug|Any CPU
		{6269F313-0D1B-48EB-B01B-80E73BAC8487}.Debug|Any CPU.Build.0 = Debug|Any CPU
		{6269F313-0D1B-48EB-B01B-80E73BAC8487}.Release|Any CPU.ActiveCfg = Release|Any CPU
		{6269F313-0D1B-48EB-B01B-80E73BAC8487}.Release|Any CPU.Build.0 = Release|Any CPU
		{D6DA5235-58AE-4B9C-85F8-AC0A97F728BB}.Debug|Any CPU.ActiveCfg = Debug|Any CPU
		{D6DA5235-58AE-4B9C-85F8-AC0A97F728BB}.Debug|Any CPU.Build.0 = Debug|Any CPU
		{D6DA5235-58AE-4B9C-85F8-AC0A97F728BB}.Release|Any CPU.ActiveCfg = Release|Any CPU
		{D6DA5235-58AE-4B9C-85F8-AC0A97F728BB}.Release|Any CPU.Build.0 = Release|Any CPU
	EndGlobalSection
	GlobalSection(SolutionProperties) = preSolution
		HideSolutionNode = FALSE
	EndGlobalSection
	GlobalSection(ExtensibilityGlobals) = postSolution
		SolutionGuid = {C0ADC6DC-7166-4591-85BE-4833BB8A6066}
	EndGlobalSection
EndGlobal
