
Microsoft Visual Studio Solution File, Format Version 12.00
# Visual Studio Version 16
VisualStudioVersion = 16.0.29609.76
MinimumVisualStudioVersion = 10.0.40219.1
Project("{9A19103F-16F7-4668-BE54-9A1E7A4F7556}") = "Tba.CqrsEs", "Tba.CqrsEs\Tba.CqrsEs.csproj", "{B08609AA-CE1A-4295-BDD2-35222B3E0A59}"
EndProject
Project("{9A19103F-16F7-4668-BE54-9A1E7A4F7556}") = "Tba.CqrsEs.Tests", "Tba.CqrsEs.Tests\Tba.CqrsEs.Tests.csproj", "{9021348E-25A5-44EC-91C4-B408B2116A06}"
EndProject
Project("{FAE04EC0-301F-11D3-BF4B-00C04F79EFBC}") = "Tba.CqrsEs.Domain", "Tba.CqrsEs.Domain\Tba.CqrsEs.Domain.csproj", "{B5FAD3F2-60B5-4D27-98D4-5C6B4489D6D9}"
EndProject
Global
	GlobalSection(SolutionConfigurationPlatforms) = preSolution
		Debug|Any CPU = Debug|Any CPU
		Release|Any CPU = Release|Any CPU
	EndGlobalSection
	GlobalSection(ProjectConfigurationPlatforms) = postSolution
		{B08609AA-CE1A-4295-BDD2-35222B3E0A59}.Debug|Any CPU.ActiveCfg = Debug|Any CPU
		{B08609AA-CE1A-4295-BDD2-35222B3E0A59}.Debug|Any CPU.Build.0 = Debug|Any CPU
		{B08609AA-CE1A-4295-BDD2-35222B3E0A59}.Release|Any CPU.ActiveCfg = Release|Any CPU
		{B08609AA-CE1A-4295-BDD2-35222B3E0A59}.Release|Any CPU.Build.0 = Release|Any CPU
		{9021348E-25A5-44EC-91C4-B408B2116A06}.Debug|Any CPU.ActiveCfg = Debug|Any CPU
		{9021348E-25A5-44EC-91C4-B408B2116A06}.Debug|Any CPU.Build.0 = Debug|Any CPU
		{9021348E-25A5-44EC-91C4-B408B2116A06}.Release|Any CPU.ActiveCfg = Release|Any CPU
		{9021348E-25A5-44EC-91C4-B408B2116A06}.Release|Any CPU.Build.0 = Release|Any CPU
		{B5FAD3F2-60B5-4D27-98D4-5C6B4489D6D9}.Debug|Any CPU.ActiveCfg = Debug|Any CPU
		{B5FAD3F2-60B5-4D27-98D4-5C6B4489D6D9}.Debug|Any CPU.Build.0 = Debug|Any CPU
		{B5FAD3F2-60B5-4D27-98D4-5C6B4489D6D9}.Release|Any CPU.ActiveCfg = Release|Any CPU
		{B5FAD3F2-60B5-4D27-98D4-5C6B4489D6D9}.Release|Any CPU.Build.0 = Release|Any CPU
	EndGlobalSection
	GlobalSection(SolutionProperties) = preSolution
		HideSolutionNode = FALSE
	EndGlobalSection
	GlobalSection(ExtensibilityGlobals) = postSolution
		SolutionGuid = {C0ADC6DC-7166-4591-85BE-4833BB8A6066}
	EndGlobalSection
EndGlobal
